<?xml version="1.0" encoding="utf-8"?>
<Project ToolsVersion="4.0" xmlns="http://schemas.microsoft.com/developer/msbuild/2003">
  <ItemGroup>
    <Filter Include="Source Files">
      <UniqueIdentifier>{4FC737F1-C7A5-4376-A066-2A32D752A2FF}</UniqueIdentifier>
      <Extensions>cpp;c;cc;cxx;def;odl;idl;hpj;bat;asm;asmx</Extensions>
    </Filter>
    <Filter Include="Header Files">
      <UniqueIdentifier>{93995380-89BD-4b04-88EB-625FBE52EBFB}</UniqueIdentifier>
      <Extensions>h;hpp;hxx;hm;inl;inc;xsd</Extensions>
    </Filter>
    <Filter Include="Resource Files">
      <UniqueIdentifier>{67DA6AB6-F800-4c08-8B7A-83BB121AAD01}</UniqueIdentifier>
      <Extensions>rc;ico;cur;bmp;dlg;rc2;rct;bin;rgs;gif;jpg;jpeg;jpe;resx;tiff;tif;png;wav</Extensions>
    </Filter>
    <Filter Include="data">
      <UniqueIdentifier>{aa119f47-fa91-430d-86c8-8cca855677b0}</UniqueIdentifier>
    </Filter>
    <Filter Include="shaders">
      <UniqueIdentifier>{5c5c2e46-e5ca-4b8e-a76d-a3858e8a8dbb}</UniqueIdentifier>
    </Filter>
  </ItemGroup>
  <ItemGroup>
    <ClCompile Include="Bond.cpp">
      <Filter>Source Files</Filter>
    </ClCompile>
    <ClCompile Include="camera.cpp">
      <Filter>Source Files</Filter>
    </ClCompile>
    <ClCompile Include="main.cpp">
      <Filter>Source Files</Filter>
    </ClCompile>
    <ClCompile Include="Mol.cpp">
      <Filter>Source Files</Filter>
    </ClCompile>
    <ClCompile Include="QAtom.cpp">
      <Filter>Source Files</Filter>
    </ClCompile>
    <ClCompile Include="shader.cpp">
      <Filter>Source Files</Filter>
    </ClCompile>
  </ItemGroup>
  <ItemGroup>
    <ClInclude Include="Bond.h">
      <Filter>Header Files</Filter>
    </ClInclude>
    <ClInclude Include="camera.h">
      <Filter>Header Files</Filter>
    </ClInclude>
    <ClInclude Include="gl_globals.h">
      <Filter>Header Files</Filter>
    </ClInclude>
    <ClInclude Include="Mol.h">
      <Filter>Header Files</Filter>
    </ClInclude>
    <ClInclude Include="Point3D.h">
      <Filter>Header Files</Filter>
    </ClInclude>
    <ClInclude Include="QAtom.h">
      <Filter>Header Files</Filter>
    </ClInclude>
    <ClInclude Include="shader.h">
      <Filter>Header Files</Filter>
    </ClInclude>
  </ItemGroup>
  <ItemGroup>
    <None Include="data\1WO0.pdb">
      <Filter>data</Filter>
    </None>
    <None Include="data\2MO5.pdb">
      <Filter>data</Filter>
    </None>
    <None Include="data\4F5S.pdb">
      <Filter>data</Filter>
    </None>
    <None Include="data\bsa.fasta">
      <Filter>data</Filter>
    </None>
    <None Include="data\h2o.pdb">
      <Filter>data</Filter>
    </None>
    <None Include="shader\sphere_pointsprite.frag">
      <Filter>shaders</Filter>
    </None>
    <None Include="shader\sphere_pointsprite.vert">
      <Filter>shaders</Filter>
    </None>
  </ItemGroup>
  <ItemGroup>
    <Text Include="data\config.txt">
      <Filter>data</Filter>
    </Text>
    <Text Include="data\data.txt">
      <Filter>data</Filter>
    </Text>
    <Text Include="data\data2.txt">
      <Filter>data</Filter>
    </Text>
    <Text Include="data\map.txt">
      <Filter>data</Filter>
    </Text>
  </ItemGroup>
</Project>